{
  "name": "node-devbox",
  "version": "1.0.0",
  "lockfileVersion": 3,
  "requires": true,
  "packages": {
    "": {
      "name": "node-devbox",
      "version": "1.0.0",
      "license": "MIT",
      "bin": {
        "node-devbox": "bin/node-devbox.js"
      },
      "engines": {
        "node": ">=20.10"
      }
    }
  }
}
